
Microsoft Visual Studio Solution File, Format Version 11.00
# Visual Studio 2010
Project("{FAE04EC0-301F-11D3-BF4B-00C04F79EFBC}") = "KanColleAlarm", "KanColleAlarm\KanColleAlarm.csproj", "{981DEE09-C2C4-4737-ACC3-7F0C45ED0407}"
EndProject
Global
	GlobalSection(SolutionConfigurationPlatforms) = preSolution
		Debug|Any CPU = Debug|Any CPU
		Release|Any CPU = Release|Any CPU
	EndGlobalSection
	GlobalSection(ProjectConfigurationPlatforms) = postSolution
		{981DEE09-C2C4-4737-ACC3-7F0C45ED0407}.Debug|Any CPU.ActiveCfg = Debug|Any CPU
		{981DEE09-C2C4-4737-ACC3-7F0C45ED0407}.Debug|Any CPU.Build.0 = Debug|Any CPU
		{981DEE09-C2C4-4737-ACC3-7F0C45ED0407}.Release|Any CPU.ActiveCfg = Release|Any CPU
		{981DEE09-C2C4-4737-ACC3-7F0C45ED0407}.Release|Any CPU.Build.0 = Release|Any CPU
	EndGlobalSection
	GlobalSection(SolutionProperties) = preSolution
		HideSolutionNode = FALSE
	EndGlobalSection
EndGlobal
